// !$*UTF8*$!
{
	archiveVersion = 1;
	classes = {
	};
	objectVersion = 50;
	objects = {

/* Begin PBXBuildFile section */
		8106507B20F75D940095B358 /* AppDelegate.swift in Sources */ = {isa = PBXBuildFile; fileRef = 8106507A20F75D940095B358 /* AppDelegate.swift */; };
		8106507D20F75D940095B358 /* ViewController.swift in Sources */ = {isa = PBXBuildFile; fileRef = 8106507C20F75D940095B358 /* ViewController.swift */; };
		8106508020F75D940095B358 /* Main.storyboard in Resources */ = {isa = PBXBuildFile; fileRef = 8106507E20F75D940095B358 /* Main.storyboard */; };
		8106508220F75D950095B358 /* Assets.xcassets in Resources */ = {isa = PBXBuildFile; fileRef = 8106508120F75D950095B358 /* Assets.xcassets */; };
		8106508520F75D950095B358 /* LaunchScreen.storyboard in Resources */ = {isa = PBXBuildFile; fileRef = 8106508320F75D950095B358 /* LaunchScreen.storyboard */; };
		8106509020F75D960095B358 /* yunjinMemoAppTests.swift in Sources */ = {isa = PBXBuildFile; fileRef = 8106508F20F75D960095B358 /* yunjinMemoAppTests.swift */; };
		8106509B20F75D960095B358 /* yunjinMemoAppUITests.swift in Sources */ = {isa = PBXBuildFile; fileRef = 8106509A20F75D960095B358 /* yunjinMemoAppUITests.swift */; };
		810650A920F75F810095B358 /* memoWriteController.swift in Sources */ = {isa = PBXBuildFile; fileRef = 810650A820F75F810095B358 /* memoWriteController.swift */; };
		810650AB20F7647E0095B358 /* memoData.swift in Sources */ = {isa = PBXBuildFile; fileRef = 810650AA20F7647E0095B358 /* memoData.swift */; };
		810650AF20F78EB40095B358 /* TableViewController.swift in Sources */ = {isa = PBXBuildFile; fileRef = 810650AE20F78EB40095B358 /* TableViewController.swift */; };
/* End PBXBuildFile section */

/* Begin PBXContainerItemProxy section */
		8106508C20F75D960095B358 /* PBXContainerItemProxy */ = {
			isa = PBXContainerItemProxy;
			containerPortal = 8106506F20F75D940095B358 /* Project object */;
			proxyType = 1;
			remoteGlobalIDString = 8106507620F75D940095B358;
			remoteInfo = yunjinMemoApp;
		};
		8106509720F75D960095B358 /* PBXContainerItemProxy */ = {
			isa = PBXContainerItemProxy;
			containerPortal = 8106506F20F75D940095B358 /* Project object */;
			proxyType = 1;
			remoteGlobalIDString = 8106507620F75D940095B358;
			remoteInfo = yunjinMemoApp;
		};
/* End PBXContainerItemProxy section */

/* Begin PBXFileReference section */
		8106507720F75D940095B358 /* yunjinMemoApp.app */ = {isa = PBXFileReference; explicitFileType = wrapper.application; includeInIndex = 0; path = yunjinMemoApp.app; sourceTree = BUILT_PRODUCTS_DIR; };
		8106507A20F75D940095B358 /* AppDelegate.swift */ = {isa = PBXFileReference; lastKnownFileType = sourcecode.swift; path = AppDelegate.swift; sourceTree = "<group>"; };
		8106507C20F75D940095B358 /* ViewController.swift */ = {isa = PBXFileReference; lastKnownFileType = sourcecode.swift; path = ViewController.swift; sourceTree = "<group>"; };
		8106507F20F75D940095B358 /* Base */ = {isa = PBXFileReference; lastKnownFileType = file.storyboard; name = Base; path = Base.lproj/Main.storyboard; sourceTree = "<group>"; };
		8106508120F75D950095B358 /* Assets.xcassets */ = {isa = PBXFileReference; lastKnownFileType = folder.assetcatalog; path = Assets.xcassets; sourceTree = "<group>"; };
		8106508420F75D950095B358 /* Base */ = {isa = PBXFileReference; lastKnownFileType = file.storyboard; name = Base; path = Base.lproj/LaunchScreen.storyboard; sourceTree = "<group>"; };
		8106508620F75D950095B358 /* Info.plist */ = {isa = PBXFileReference; lastKnownFileType = text.plist.xml; path = Info.plist; sourceTree = "<group>"; };
		8106508B20F75D960095B358 /* yunjinMemoAppTests.xctest */ = {isa = PBXFileReference; explicitFileType = wrapper.cfbundle; includeInIndex = 0; path = yunjinMemoAppTests.xctest; sourceTree = BUILT_PRODUCTS_DIR; };
		8106508F20F75D960095B358 /* yunjinMemoAppTests.swift */ = {isa = PBXFileReference; lastKnownFileType = sourcecode.swift; path = yunjinMemoAppTests.swift; sourceTree = "<group>"; };
		8106509120F75D960095B358 /* Info.plist */ = {isa = PBXFileReference; lastKnownFileType = text.plist.xml; path = Info.plist; sourceTree = "<group>"; };
		8106509620F75D960095B358 /* yunjinMemoAppUITests.xctest */ = {isa = PBXFileReference; explicitFileType = wrapper.cfbundle; includeInIndex = 0; path = yunjinMemoAppUITests.xctest; sourceTree = BUILT_PRODUCTS_DIR; };
		8106509A20F75D960095B358 /* yunjinMemoAppUITests.swift */ = {isa = PBXFileReference; lastKnownFileType = sourcecode.swift; path = yunjinMemoAppUITests.swift; sourceTree = "<group>"; };
		8106509C20F75D960095B358 /* Info.plist */ = {isa = PBXFileReference; lastKnownFileType = text.plist.xml; path = Info.plist; sourceTree = "<group>"; };
		810650A820F75F810095B358 /* memoWriteController.swift */ = {isa = PBXFileReference; lastKnownFileType = sourcecode.swift; path = memoWriteController.swift; sourceTree = "<group>"; };
		810650AA20F7647E0095B358 /* memoData.swift */ = {isa = PBXFileReference; lastKnownFileType = sourcecode.swift; path = memoData.swift; sourceTree = "<group>"; };
		810650AE20F78EB40095B358 /* TableViewController.swift */ = {isa = PBXFileReference; lastKnownFileType = sourcecode.swift; path = TableViewController.swift; sourceTree = "<group>"; };
/* End PBXFileReference section */

/* Begin PBXFrameworksBuildPhase section */
		8106507420F75D940095B358 /* Frameworks */ = {
			isa = PBXFrameworksBuildPhase;
			buildActionMask = 2147483647;
			files = (
			);
			runOnlyForDeploymentPostprocessing = 0;
		};
		8106508820F75D960095B358 /* Frameworks */ = {
			isa = PBXFrameworksBuildPhase;
			buildActionMask = 2147483647;
			files = (
			);
			runOnlyForDeploymentPostprocessing = 0;
		};
		8106509320F75D960095B358 /* Frameworks */ = {
			isa = PBXFrameworksBuildPhase;
			buildActionMask = 2147483647;
			files = (
			);
			runOnlyForDeploymentPostprocessing = 0;
		};
/* End PBXFrameworksBuildPhase section */

/* Begin PBXGroup section */
		8106506E20F75D940095B358 = {
			isa = PBXGroup;
			children = (
				8106507920F75D940095B358 /* yunjinMemoApp */,
				8106508E20F75D960095B358 /* yunjinMemoAppTests */,
				8106509920F75D960095B358 /* yunjinMemoAppUITests */,
				8106507820F75D940095B358 /* Products */,
			);
			sourceTree = "<group>";
		};
		8106507820F75D940095B358 /* Products */ = {
			isa = PBXGroup;
			children = (
				8106507720F75D940095B358 /* yunjinMemoApp.app */,
				8106508B20F75D960095B358 /* yunjinMemoAppTests.xctest */,
				8106509620F75D960095B358 /* yunjinMemoAppUITests.xctest */,
			);
			name = Products;
			sourceTree = "<group>";
		};
		8106507920F75D940095B358 /* yunjinMemoApp */ = {
			isa = PBXGroup;
			children = (
				810650AE20F78EB40095B358 /* TableViewController.swift */,
				8106507A20F75D940095B358 /* AppDelegate.swift */,
				8106507C20F75D940095B358 /* ViewController.swift */,
				8106507E20F75D940095B358 /* Main.storyboard */,
				810650AA20F7647E0095B358 /* memoData.swift */,
				810650A820F75F810095B358 /* memoWriteController.swift */,
				8106508120F75D950095B358 /* Assets.xcassets */,
				8106508320F75D950095B358 /* LaunchScreen.storyboard */,
				8106508620F75D950095B358 /* Info.plist */,
			);
			path = yunjinMemoApp;
			sourceTree = "<group>";
		};
		8106508E20F75D960095B358 /* yunjinMemoAppTests */ = {
			isa = PBXGroup;
			children = (
				8106508F20F75D960095B358 /* yunjinMemoAppTests.swift */,
				8106509120F75D960095B358 /* Info.plist */,
			);
			path = yunjinMemoAppTests;
			sourceTree = "<group>";
		};
		8106509920F75D960095B358 /* yunjinMemoAppUITests */ = {
			isa = PBXGroup;
			children = (
				8106509A20F75D960095B358 /* yunjinMemoAppUITests.swift */,
				8106509C20F75D960095B358 /* Info.plist */,
			);
			path = yunjinMemoAppUITests;
			sourceTree = "<group>";
		};
/* End PBXGroup section */

/* Begin PBXNativeTarget section */
		8106507620F75D940095B358 /* yunjinMemoApp */ = {
			isa = PBXNativeTarget;
			buildConfigurationList = 8106509F20F75D960095B358 /* Build configuration list for PBXNativeTarget "yunjinMemoApp" */;
			buildPhases = (
				8106507320F75D940095B358 /* Sources */,
				8106507420F75D940095B358 /* Frameworks */,
				8106507520F75D940095B358 /* Resources */,
			);
			buildRules = (
			);
			dependencies = (
			);
			name = yunjinMemoApp;
			productName = yunjinMemoApp;
			productReference = 8106507720F75D940095B358 /* yunjinMemoApp.app */;
			productType = "com.apple.product-type.application";
		};
		8106508A20F75D960095B358 /* yunjinMemoAppTests */ = {
			isa = PBXNativeTarget;
			buildConfigurationList = 810650A220F75D960095B358 /* Build configuration list for PBXNativeTarget "yunjinMemoAppTests" */;
			buildPhases = (
				8106508720F75D960095B358 /* Sources */,
				8106508820F75D960095B358 /* Frameworks */,
				8106508920F75D960095B358 /* Resources */,
			);
			buildRules = (
			);
			dependencies = (
				8106508D20F75D960095B358 /* PBXTargetDependency */,
			);
			name = yunjinMemoAppTests;
			productName = yunjinMemoAppTests;
			productReference = 8106508B20F75D960095B358 /* yunjinMemoAppTests.xctest */;
			productType = "com.apple.product-type.bundle.unit-test";
		};
		8106509520F75D960095B358 /* yunjinMemoAppUITests */ = {
			isa = PBXNativeTarget;
			buildConfigurationList = 810650A520F75D960095B358 /* Build configuration list for PBXNativeTarget "yunjinMemoAppUITests" */;
			buildPhases = (
				8106509220F75D960095B358 /* Sources */,
				8106509320F75D960095B358 /* Frameworks */,
				8106509420F75D960095B358 /* Resources */,
			);
			buildRules = (
			);
			dependencies = (
				8106509820F75D960095B358 /* PBXTargetDependency */,
			);
			name = yunjinMemoAppUITests;
			productName = yunjinMemoAppUITests;
			productReference = 8106509620F75D960095B358 /* yunjinMemoAppUITests.xctest */;
			productType = "com.apple.product-type.bundle.ui-testing";
		};
/* End PBXNativeTarget section */

/* Begin PBXProject section */
		8106506F20F75D940095B358 /* Project object */ = {
			isa = PBXProject;
			attributes = {
				LastSwiftUpdateCheck = 0940;
				LastUpgradeCheck = 0940;
				ORGANIZATIONNAME = yunjin_choi;
				TargetAttributes = {
					8106507620F75D940095B358 = {
						CreatedOnToolsVersion = 9.4.1;
					};
					8106508A20F75D960095B358 = {
						CreatedOnToolsVersion = 9.4.1;
						TestTargetID = 8106507620F75D940095B358;
					};
					8106509520F75D960095B358 = {
						CreatedOnToolsVersion = 9.4.1;
						TestTargetID = 8106507620F75D940095B358;
					};
				};
			};
			buildConfigurationList = 8106507220F75D940095B358 /* Build configuration list for PBXProject "yunjinMemoApp" */;
			compatibilityVersion = "Xcode 9.3";
			developmentRegion = en;
			hasScannedForEncodings = 0;
			knownRegions = (
				en,
				Base,
			);
			mainGroup = 8106506E20F75D940095B358;
			productRefGroup = 8106507820F75D940095B358 /* Products */;
			projectDirPath = "";
			projectRoot = "";
			targets = (
				8106507620F75D940095B358 /* yunjinMemoApp */,
				8106508A20F75D960095B358 /* yunjinMemoAppTests */,
				8106509520F75D960095B358 /* yunjinMemoAppUITests */,
			);
		};
/* End PBXProject section */

/* Begin PBXResourcesBuildPhase section */
		8106507520F75D940095B358 /* Resources */ = {
			isa = PBXResourcesBuildPhase;
			buildActionMask = 2147483647;
			files = (
				8106508520F75D950095B358 /* LaunchScreen.storyboard in Resources */,
				8106508220F75D950095B358 /* Assets.xcassets in Resources */,
				8106508020F75D940095B358 /* Main.storyboard in Resources */,
			);
			runOnlyForDeploymentPostprocessing = 0;
		};
		8106508920F75D960095B358 /* Resources */ = {
			isa = PBXResourcesBuildPhase;
			buildActionMask = 2147483647;
			files = (
			);
			runOnlyForDeploymentPostprocessing = 0;
		};
		8106509420F75D960095B358 /* Resources */ = {
			isa = PBXResourcesBuildPhase;
			buildActionMask = 2147483647;
			files = (
			);
			runOnlyForDeploymentPostprocessing = 0;
		};
/* End PBXResourcesBuildPhase section */

/* Begin PBXSourcesBuildPhase section */
		8106507320F75D940095B358 /* Sources */ = {
			isa = PBXSourcesBuildPhase;
			buildActionMask = 2147483647;
			files = (
				8106507D20F75D940095B358 /* ViewController.swift in Sources */,
				810650AB20F7647E0095B358 /* memoData.swift in Sources */,
				810650A920F75F810095B358 /* memoWriteController.swift in Sources */,
				810650AF20F78EB40095B358 /* TableViewController.swift in Sources */,
				8106507B20F75D940095B358 /* AppDelegate.swift in Sources */,
			);
			runOnlyForDeploymentPostprocessing = 0;
		};
		8106508720F75D960095B358 /* Sources */ = {
			isa = PBXSourcesBuildPhase;
			buildActionMask = 2147483647;
			files = (
				8106509020F75D960095B358 /* yunjinMemoAppTests.swift in Sources */,
			);
			runOnlyForDeploymentPostprocessing = 0;
		};
		8106509220F75D960095B358 /* Sources */ = {
			isa = PBXSourcesBuildPhase;
			buildActionMask = 2147483647;
			files = (
				8106509B20F75D960095B358 /* yunjinMemoAppUITests.swift in Sources */,
			);
			runOnlyForDeploymentPostprocessing = 0;
		};
/* End PBXSourcesBuildPhase section */

/* Begin PBXTargetDependency section */
		8106508D20F75D960095B358 /* PBXTargetDependency */ = {
			isa = PBXTargetDependency;
			target = 8106507620F75D940095B358 /* yunjinMemoApp */;
			targetProxy = 8106508C20F75D960095B358 /* PBXContainerItemProxy */;
		};
		8106509820F75D960095B358 /* PBXTargetDependency */ = {
			isa = PBXTargetDependency;
			target = 8106507620F75D940095B358 /* yunjinMemoApp */;
			targetProxy = 8106509720F75D960095B358 /* PBXContainerItemProxy */;
		};
/* End PBXTargetDependency section */

/* Begin PBXVariantGroup section */
		8106507E20F75D940095B358 /* Main.storyboard */ = {
			isa = PBXVariantGroup;
			children = (
				8106507F20F75D940095B358 /* Base */,
			);
			name = Main.storyboard;
			sourceTree = "<group>";
		};
		8106508320F75D950095B358 /* LaunchScreen.storyboard */ = {
			isa = PBXVariantGroup;
			children = (
				8106508420F75D950095B358 /* Base */,
			);
			name = LaunchScreen.storyboard;
			sourceTree = "<group>";
		};
/* End PBXVariantGroup section */

/* Begin XCBuildConfiguration section */
		8106509D20F75D960095B358 /* Debug */ = {
			isa = XCBuildConfiguration;
			buildSettings = {
				ALWAYS_SEARCH_USER_PATHS = NO;
				CLANG_ANALYZER_NONNULL = YES;
				CLANG_ANALYZER_NUMBER_OBJECT_CONVERSION = YES_AGGRESSIVE;
				CLANG_CXX_LANGUAGE_STANDARD = "gnu++14";
				CLANG_CXX_LIBRARY = "libc++";
				CLANG_ENABLE_MODULES = YES;
				CLANG_ENABLE_OBJC_ARC = YES;
				CLANG_ENABLE_OBJC_WEAK = YES;
				CLANG_WARN_BLOCK_CAPTURE_AUTORELEASING = YES;
				CLANG_WARN_BOOL_CONVERSION = YES;
				CLANG_WARN_COMMA = YES;
				CLANG_WARN_CONSTANT_CONVERSION = YES;
				CLANG_WARN_DEPRECATED_OBJC_IMPLEMENTATIONS = YES;
				CLANG_WARN_DIRECT_OBJC_ISA_USAGE = YES_ERROR;
				CLANG_WARN_DOCUMENTATION_COMMENTS = YES;
				CLANG_WARN_EMPTY_BODY = YES;
				CLANG_WARN_ENUM_CONVERSION = YES;
				CLANG_WARN_INFINITE_RECURSION = YES;
				CLANG_WARN_INT_CONVERSION = YES;
				CLANG_WARN_NON_LITERAL_NULL_CONVERSION = YES;
				CLANG_WARN_OBJC_IMPLICIT_RETAIN_SELF = YES;
				CLANG_WARN_OBJC_LITERAL_CONVERSION = YES;
				CLANG_WARN_OBJC_ROOT_CLASS = YES_ERROR;
				CLANG_WARN_RANGE_LOOP_ANALYSIS = YES;
				CLANG_WARN_STRICT_PROTOTYPES = YES;
				CLANG_WARN_SUSPICIOUS_MOVE = YES;
				CLANG_WARN_UNGUARDED_AVAILABILITY = YES_AGGRESSIVE;
				CLANG_WARN_UNREACHABLE_CODE = YES;
				CLANG_WARN__DUPLICATE_METHOD_MATCH = YES;
				CODE_SIGN_IDENTITY = "iPhone Developer";
				COPY_PHASE_STRIP = NO;
				DEBUG_INFORMATION_FORMAT = dwarf;
				ENABLE_STRICT_OBJC_MSGSEND = YES;
				ENABLE_TESTABILITY = YES;
				GCC_C_LANGUAGE_STANDARD = gnu11;
				GCC_DYNAMIC_NO_PIC = NO;
				GCC_NO_COMMON_BLOCKS = YES;
				GCC_OPTIMIZATION_LEVEL = 0;
				GCC_PREPROCESSOR_DEFINITIONS = (
					"DEBUG=1",
					"$(inherited)",
				);
				GCC_WARN_64_TO_32_BIT_CONVERSION = YES;
				GCC_WARN_ABOUT_RETURN_TYPE = YES_ERROR;
				GCC_WARN_UNDECLARED_SELECTOR = YES;
				GCC_WARN_UNINITIALIZED_AUTOS = YES_AGGRESSIVE;
				GCC_WARN_UNUSED_FUNCTION = YES;
				GCC_WARN_UNUSED_VARIABLE = YES;
				IPHONEOS_DEPLOYMENT_TARGET = 11.4;
				MTL_ENABLE_DEBUG_INFO = YES;
				ONLY_ACTIVE_ARCH = YES;
				SDKROOT = iphoneos;
				SWIFT_ACTIVE_COMPILATION_CONDITIONS = DEBUG;
				SWIFT_OPTIMIZATION_LEVEL = "-Onone";
			};
			name = Debug;
		};
		8106509E20F75D960095B358 /* Release */ = {
			isa = XCBuildConfiguration;
			buildSettings = {
				ALWAYS_SEARCH_USER_PATHS = NO;
				CLANG_ANALYZER_NONNULL = YES;
				CLANG_ANALYZER_NUMBER_OBJECT_CONVERSION = YES_AGGRESSIVE;
				CLANG_CXX_LANGUAGE_STANDARD = "gnu++14";
				CLANG_CXX_LIBRARY = "libc++";
				CLANG_ENABLE_MODULES = YES;
				CLANG_ENABLE_OBJC_ARC = YES;
				CLANG_ENABLE_OBJC_WEAK = YES;
				CLANG_WARN_BLOCK_CAPTURE_AUTORELEASING = YES;
				CLANG_WARN_BOOL_CONVERSION = YES;
				CLANG_WARN_COMMA = YES;
				CLANG_WARN_CONSTANT_CONVERSION = YES;
				CLANG_WARN_DEPRECATED_OBJC_IMPLEMENTATIONS = YES;
				CLANG_WARN_DIRECT_OBJC_ISA_USAGE = YES_ERROR;
				CLANG_WARN_DOCUMENTATION_COMMENTS = YES;
				CLANG_WARN_EMPTY_BODY = YES;
				CLANG_WARN_ENUM_CONVERSION = YES;
				CLANG_WARN_INFINITE_RECURSION = YES;
				CLANG_WARN_INT_CONVERSION = YES;
				CLANG_WARN_NON_LITERAL_NULL_CONVERSION = YES;
				CLANG_WARN_OBJC_IMPLICIT_RETAIN_SELF = YES;
				CLANG_WARN_OBJC_LITERAL_CONVERSION = YES;
				CLANG_WARN_OBJC_ROOT_CLASS = YES_ERROR;
				CLANG_WARN_RANGE_LOOP_ANALYSIS = YES;
				CLANG_WARN_STRICT_PROTOTYPES = YES;
				CLANG_WARN_SUSPICIOUS_MOVE = YES;
				CLANG_WARN_UNGUARDED_AVAILABILITY = YES_AGGRESSIVE;
				CLANG_WARN_UNREACHABLE_CODE = YES;
				CLANG_WARN__DUPLICATE_METHOD_MATCH = YES;
				CODE_SIGN_IDENTITY = "iPhone Developer";
				COPY_PHASE_STRIP = NO;
				DEBUG_INFORMATION_FORMAT = "dwarf-with-dsym";
				ENABLE_NS_ASSERTIONS = NO;
				ENABLE_STRICT_OBJC_MSGSEND = YES;
				GCC_C_LANGUAGE_STANDARD = gnu11;
				GCC_NO_COMMON_BLOCKS = YES;
				GCC_WARN_64_TO_32_BIT_CONVERSION = YES;
				GCC_WARN_ABOUT_RETURN_TYPE = YES_ERROR;
				GCC_WARN_UNDECLARED_SELECTOR = YES;
				GCC_WARN_UNINITIALIZED_AUTOS = YES_AGGRESSIVE;
				GCC_WARN_UNUSED_FUNCTION = YES;
				GCC_WARN_UNUSED_VARIABLE = YES;
				IPHONEOS_DEPLOYMENT_TARGET = 11.4;
				MTL_ENABLE_DEBUG_INFO = NO;
				SDKROOT = iphoneos;
				SWIFT_COMPILATION_MODE = wholemodule;
				SWIFT_OPTIMIZATION_LEVEL = "-O";
				VALIDATE_PRODUCT = YES;
			};
			name = Release;
		};
		810650A020F75D960095B358 /* Debug */ = {
			isa = XCBuildConfiguration;
			buildSettings = {
				ASSETCATALOG_COMPILER_APPICON_NAME = AppIcon;
				CODE_SIGN_STYLE = Automatic;
				INFOPLIST_FILE = yunjinMemoApp/Info.plist;
				LD_RUNPATH_SEARCH_PATHS = (
					"$(inherited)",
					"@executable_path/Frameworks",
				);
				PRODUCT_BUNDLE_IDENTIFIER = com.yunjin.yunjinMemoApp;
				PRODUCT_NAME = "$(TARGET_NAME)";
				SWIFT_VERSION = 4.0;
				TARGETED_DEVICE_FAMILY = "1,2";
			};
			name = Debug;
		};
		810650A120F75D960095B358 /* Release */ = {
			isa = XCBuildConfiguration;
			buildSettings = {
				ASSETCATALOG_COMPILER_APPICON_NAME = AppIcon;
				CODE_SIGN_STYLE = Automatic;
				INFOPLIST_FILE = yunjinMemoApp/Info.plist;
				LD_RUNPATH_SEARCH_PATHS = (
					"$(inherited)",
					"@executable_path/Frameworks",
				);
				PRODUCT_BUNDLE_IDENTIFIER = com.yunjin.yunjinMemoApp;
				PRODUCT_NAME = "$(TARGET_NAME)";
				SWIFT_VERSION = 4.0;
				TARGETED_DEVICE_FAMILY = "1,2";
			};
			name = Release;
		};
		810650A320F75D960095B358 /* Debug */ = {
			isa = XCBuildConfiguration;
			buildSettings = {
				ALWAYS_EMBED_SWIFT_STANDARD_LIBRARIES = YES;
				BUNDLE_LOADER = "$(TEST_HOST)";
				CODE_SIGN_STYLE = Automatic;
				INFOPLIST_FILE = yunjinMemoAppTests/Info.plist;
				LD_RUNPATH_SEARCH_PATHS = (
					"$(inherited)",
					"@executable_path/Frameworks",
					"@loader_path/Frameworks",
				);
				PRODUCT_BUNDLE_IDENTIFIER = com.yunjin.yunjinMemoAppTests;
				PRODUCT_NAME = "$(TARGET_NAME)";
				SWIFT_VERSION = 4.0;
				TARGETED_DEVICE_FAMILY = "1,2";
				TEST_HOST = "$(BUILT_PRODUCTS_DIR)/yunjinMemoApp.app/yunjinMemoApp";
			};
			name = Debug;
		};
		810650A420F75D960095B358 /* Release */ = {
			isa = XCBuildConfiguration;
			buildSettings = {
				ALWAYS_EMBED_SWIFT_STANDARD_LIBRARIES = YES;
				BUNDLE_LOADER = "$(TEST_HOST)";
				CODE_SIGN_STYLE = Automatic;
				INFOPLIST_FILE = yunjinMemoAppTests/Info.plist;
				LD_RUNPATH_SEARCH_PATHS = (
					"$(inherited)",
					"@executable_path/Frameworks",
					"@loader_path/Frameworks",
				);
				PRODUCT_BUNDLE_IDENTIFIER = com.yunjin.yunjinMemoAppTests;
				PRODUCT_NAME = "$(TARGET_NAME)";
				SWIFT_VERSION = 4.0;
				TARGETED_DEVICE_FAMILY = "1,2";
				TEST_HOST = "$(BUILT_PRODUCTS_DIR)/yunjinMemoApp.app/yunjinMemoApp";
			};
			name = Release;
		};
		810650A620F75D960095B358 /* Debug */ = {
			isa = XCBuildConfiguration;
			buildSettings = {
				ALWAYS_EMBED_SWIFT_STANDARD_LIBRARIES = YES;
				CODE_SIGN_STYLE = Automatic;
				INFOPLIST_FILE = yunjinMemoAppUITests/Info.plist;
				LD_RUNPATH_SEARCH_PATHS = (
					"$(inherited)",
					"@executable_path/Frameworks",
					"@loader_path/Frameworks",
				);
				PRODUCT_BUNDLE_IDENTIFIER = com.yunjin.yunjinMemoAppUITests;
				PRODUCT_NAME = "$(TARGET_NAME)";
				SWIFT_VERSION = 4.0;
				TARGETED_DEVICE_FAMILY = "1,2";
				TEST_TARGET_NAME = yunjinMemoApp;
			};
			name = Debug;
		};
		810650A720F75D960095B358 /* Release */ = {
			isa = XCBuildConfiguration;
			buildSettings = {
				ALWAYS_EMBED_SWIFT_STANDARD_LIBRARIES = YES;
				CODE_SIGN_STYLE = Automatic;
				INFOPLIST_FILE = yunjinMemoAppUITests/Info.plist;
				LD_RUNPATH_SEARCH_PATHS = (
					"$(inherited)",
					"@executable_path/Frameworks",
					"@loader_path/Frameworks",
				);
				PRODUCT_BUNDLE_IDENTIFIER = com.yunjin.yunjinMemoAppUITests;
				PRODUCT_NAME = "$(TARGET_NAME)";
				SWIFT_VERSION = 4.0;
				TARGETED_DEVICE_FAMILY = "1,2";
				TEST_TARGET_NAME = yunjinMemoApp;
			};
			name = Release;
		};
/* End XCBuildConfiguration section */

/* Begin XCConfigurationList section */
		8106507220F75D940095B358 /* Build configuration list for PBXProject "yunjinMemoApp" */ = {
			isa = XCConfigurationList;
			buildConfigurations = (
				8106509D20F75D960095B358 /* Debug */,
				8106509E20F75D960095B358 /* Release */,
			);
			defaultConfigurationIsVisible = 0;
			defaultConfigurationName = Release;
		};
		8106509F20F75D960095B358 /* Build configuration list for PBXNativeTarget "yunjinMemoApp" */ = {
			isa = XCConfigurationList;
			buildConfigurations = (
				810650A020F75D960095B358 /* Debug */,
				810650A120F75D960095B358 /* Release */,
			);
			defaultConfigurationIsVisible = 0;
			defaultConfigurationName = Release;
		};
		810650A220F75D960095B358 /* Build configuration list for PBXNativeTarget "yunjinMemoAppTests" */ = {
			isa = XCConfigurationList;
			buildConfigurations = (
				810650A320F75D960095B358 /* Debug */,
				810650A420F75D960095B358 /* Release */,
			);
			defaultConfigurationIsVisible = 0;
			defaultConfigurationName = Release;
		};
		810650A520F75D960095B358 /* Build configuration list for PBXNativeTarget "yunjinMemoAppUITests" */ = {
			isa = XCConfigurationList;
			buildConfigurations = (
				810650A620F75D960095B358 /* Debug */,
				810650A720F75D960095B358 /* Release */,
			);
			defaultConfigurationIsVisible = 0;
			defaultConfigurationName = Release;
		};
/* End XCConfigurationList section */
	};
	rootObject = 8106506F20F75D940095B358 /* Project object */;
}
